
Microsoft Visual Studio Solution File, Format Version 12.00
# Visual Studio Version 17
VisualStudioVersion = 17.9.34616.47
MinimumVisualStudioVersion = 10.0.40219.1
Project("{FAE04EC0-301F-11D3-BF4B-00C04F79EFBC}") = "COMP003A.Final", "COMP003A.Final\COMP003A.Final.csproj", "{D1CC650F-9834-4BE4-8D5D-DA56E3139F40}"
EndProject
Global
	GlobalSection(SolutionConfigurationPlatforms) = preSolution
		Debug|Any CPU = Debug|Any CPU
		Release|Any CPU = Release|Any CPU
	EndGlobalSection
	GlobalSection(ProjectConfigurationPlatforms) = postSolution
		{D1CC650F-9834-4BE4-8D5D-DA56E3139F40}.Debug|Any CPU.ActiveCfg = Debug|Any CPU
		{D1CC650F-9834-4BE4-8D5D-DA56E3139F40}.Debug|Any CPU.Build.0 = Debug|Any CPU
		{D1CC650F-9834-4BE4-8D5D-DA56E3139F40}.Release|Any CPU.ActiveCfg = Release|Any CPU
		{D1CC650F-9834-4BE4-8D5D-DA56E3139F40}.Release|Any CPU.Build.0 = Release|Any CPU
	EndGlobalSection
	GlobalSection(SolutionProperties) = preSolution
		HideSolutionNode = FALSE
	EndGlobalSection
	GlobalSection(ExtensibilityGlobals) = postSolution
		SolutionGuid = {D4D471FD-70C1-4A49-9CC1-7BE9699D3CB7}
	EndGlobalSection
EndGlobal
